[[package]]
name = "pymupdf"
version = "1.21.1"
description = "Python bindings for the PDF toolkit and renderer MuPDF"
category = "main"
optional = false
python-versions = ">=3.7"

[[package]]
name = "pypdf2"
version = "1.26.0"
description = "PDF toolkit"
category = "main"
optional = false
python-versions = "*"

[metadata]
lock-version = "1.1"
python-versions = "^3.8"
content-hash = "6117e5fa23a270be0790f0f138030114279452e21830b61611e2bca302a170e6"

[metadata.files]
pymupdf = []
pypdf2 = []
